
Microsoft Visual Studio Solution File, Format Version 11.00
# Visual Studio 2010
Project("{FAE04EC0-301F-11D3-BF4B-00C04F79EFBC}") = "Luca", "Luca\Luca.csproj", "{9D9A4DB7-BB24-479E-AF7A-E8D51266316E}"
EndProject
Project("{FAE04EC0-301F-11D3-BF4B-00C04F79EFBC}") = "Luca.Generators", "Luca.Generators\Luca.Generators.csproj", "{8185C751-06E2-4833-A323-26C25185F271}"
EndProject
Project("{FAE04EC0-301F-11D3-BF4B-00C04F79EFBC}") = "Generators.Specs", "Generators.Specs\Generators.Specs.csproj", "{1F25C1BD-6BA5-4327-B9A1-D14FD435D7DE}"
EndProject
Project("{FAE04EC0-301F-11D3-BF4B-00C04F79EFBC}") = "Luca.Core", "Luca.Core\Luca.Core.csproj", "{B792BD49-6610-46AC-9886-93E6E5B68D80}"
EndProject
Project("{FAE04EC0-301F-11D3-BF4B-00C04F79EFBC}") = "Luca.Core.Specs", "Luca.Core.Specs\Luca.Core.Specs.csproj", "{015590AA-4501-4300-8162-0DF291EDCC81}"
EndProject
Global
	GlobalSection(SolutionConfigurationPlatforms) = preSolution
		Debug|Any CPU = Debug|Any CPU
		Debug|Mixed Platforms = Debug|Mixed Platforms
		Debug|x86 = Debug|x86
		Release|Any CPU = Release|Any CPU
		Release|Mixed Platforms = Release|Mixed Platforms
		Release|x86 = Release|x86
	EndGlobalSection
	GlobalSection(ProjectConfigurationPlatforms) = postSolution
		{9D9A4DB7-BB24-479E-AF7A-E8D51266316E}.Debug|Any CPU.ActiveCfg = Debug|x86
		{9D9A4DB7-BB24-479E-AF7A-E8D51266316E}.Debug|Mixed Platforms.ActiveCfg = Debug|x86
		{9D9A4DB7-BB24-479E-AF7A-E8D51266316E}.Debug|Mixed Platforms.Build.0 = Debug|x86
		{9D9A4DB7-BB24-479E-AF7A-E8D51266316E}.Debug|x86.ActiveCfg = Debug|x86
		{9D9A4DB7-BB24-479E-AF7A-E8D51266316E}.Debug|x86.Build.0 = Debug|x86
		{9D9A4DB7-BB24-479E-AF7A-E8D51266316E}.Release|Any CPU.ActiveCfg = Release|x86
		{9D9A4DB7-BB24-479E-AF7A-E8D51266316E}.Release|Mixed Platforms.ActiveCfg = Release|x86
		{9D9A4DB7-BB24-479E-AF7A-E8D51266316E}.Release|Mixed Platforms.Build.0 = Release|x86
		{9D9A4DB7-BB24-479E-AF7A-E8D51266316E}.Release|x86.ActiveCfg = Release|x86
		{9D9A4DB7-BB24-479E-AF7A-E8D51266316E}.Release|x86.Build.0 = Release|x86
		{8185C751-06E2-4833-A323-26C25185F271}.Debug|Any CPU.ActiveCfg = Debug|Any CPU
		{8185C751-06E2-4833-A323-26C25185F271}.Debug|Any CPU.Build.0 = Debug|Any CPU
		{8185C751-06E2-4833-A323-26C25185F271}.Debug|Mixed Platforms.ActiveCfg = Debug|Any CPU
		{8185C751-06E2-4833-A323-26C25185F271}.Debug|Mixed Platforms.Build.0 = Debug|Any CPU
		{8185C751-06E2-4833-A323-26C25185F271}.Debug|x86.ActiveCfg = Debug|Any CPU
		{8185C751-06E2-4833-A323-26C25185F271}.Release|Any CPU.ActiveCfg = Release|Any CPU
		{8185C751-06E2-4833-A323-26C25185F271}.Release|Any CPU.Build.0 = Release|Any CPU
		{8185C751-06E2-4833-A323-26C25185F271}.Release|Mixed Platforms.ActiveCfg = Release|Any CPU
		{8185C751-06E2-4833-A323-26C25185F271}.Release|Mixed Platforms.Build.0 = Release|Any CPU
		{8185C751-06E2-4833-A323-26C25185F271}.Release|x86.ActiveCfg = Release|Any CPU
		{1F25C1BD-6BA5-4327-B9A1-D14FD435D7DE}.Debug|Any CPU.ActiveCfg = Debug|Any CPU
		{1F25C1BD-6BA5-4327-B9A1-D14FD435D7DE}.Debug|Any CPU.Build.0 = Debug|Any CPU
		{1F25C1BD-6BA5-4327-B9A1-D14FD435D7DE}.Debug|Mixed Platforms.ActiveCfg = Debug|Any CPU
		{1F25C1BD-6BA5-4327-B9A1-D14FD435D7DE}.Debug|Mixed Platforms.Build.0 = Debug|Any CPU
		{1F25C1BD-6BA5-4327-B9A1-D14FD435D7DE}.Debug|x86.ActiveCfg = Debug|Any CPU
		{1F25C1BD-6BA5-4327-B9A1-D14FD435D7DE}.Release|Any CPU.ActiveCfg = Release|Any CPU
		{1F25C1BD-6BA5-4327-B9A1-D14FD435D7DE}.Release|Any CPU.Build.0 = Release|Any CPU
		{1F25C1BD-6BA5-4327-B9A1-D14FD435D7DE}.Release|Mixed Platforms.ActiveCfg = Release|Any CPU
		{1F25C1BD-6BA5-4327-B9A1-D14FD435D7DE}.Release|Mixed Platforms.Build.0 = Release|Any CPU
		{1F25C1BD-6BA5-4327-B9A1-D14FD435D7DE}.Release|x86.ActiveCfg = Release|Any CPU
		{B792BD49-6610-46AC-9886-93E6E5B68D80}.Debug|Any CPU.ActiveCfg = Debug|Any CPU
		{B792BD49-6610-46AC-9886-93E6E5B68D80}.Debug|Any CPU.Build.0 = Debug|Any CPU
		{B792BD49-6610-46AC-9886-93E6E5B68D80}.Debug|Mixed Platforms.ActiveCfg = Debug|Any CPU
		{B792BD49-6610-46AC-9886-93E6E5B68D80}.Debug|Mixed Platforms.Build.0 = Debug|Any CPU
		{B792BD49-6610-46AC-9886-93E6E5B68D80}.Debug|x86.ActiveCfg = Debug|Any CPU
		{B792BD49-6610-46AC-9886-93E6E5B68D80}.Release|Any CPU.ActiveCfg = Release|Any CPU
		{B792BD49-6610-46AC-9886-93E6E5B68D80}.Release|Any CPU.Build.0 = Release|Any CPU
		{B792BD49-6610-46AC-9886-93E6E5B68D80}.Release|Mixed Platforms.ActiveCfg = Release|Any CPU
		{B792BD49-6610-46AC-9886-93E6E5B68D80}.Release|Mixed Platforms.Build.0 = Release|Any CPU
		{B792BD49-6610-46AC-9886-93E6E5B68D80}.Release|x86.ActiveCfg = Release|Any CPU
		{015590AA-4501-4300-8162-0DF291EDCC81}.Debug|Any CPU.ActiveCfg = Debug|Any CPU
		{015590AA-4501-4300-8162-0DF291EDCC81}.Debug|Any CPU.Build.0 = Debug|Any CPU
		{015590AA-4501-4300-8162-0DF291EDCC81}.Debug|Mixed Platforms.ActiveCfg = Debug|Any CPU
		{015590AA-4501-4300-8162-0DF291EDCC81}.Debug|Mixed Platforms.Build.0 = Debug|Any CPU
		{015590AA-4501-4300-8162-0DF291EDCC81}.Debug|x86.ActiveCfg = Debug|Any CPU
		{015590AA-4501-4300-8162-0DF291EDCC81}.Release|Any CPU.ActiveCfg = Release|Any CPU
		{015590AA-4501-4300-8162-0DF291EDCC81}.Release|Any CPU.Build.0 = Release|Any CPU
		{015590AA-4501-4300-8162-0DF291EDCC81}.Release|Mixed Platforms.ActiveCfg = Release|Any CPU
		{015590AA-4501-4300-8162-0DF291EDCC81}.Release|Mixed Platforms.Build.0 = Release|Any CPU
		{015590AA-4501-4300-8162-0DF291EDCC81}.Release|x86.ActiveCfg = Release|Any CPU
	EndGlobalSection
	GlobalSection(SolutionProperties) = preSolution
		HideSolutionNode = FALSE
	EndGlobalSection
EndGlobal
