
Microsoft Visual Studio Solution File, Format Version 11.00
# Visual Studio 2010
Project("{FAE04EC0-301F-11D3-BF4B-00C04F79EFBC}") = "Luca", "Luca\Luca.csproj", "{9D9A4DB7-BB24-479E-AF7A-E8D51266316E}"
EndProject
Project("{FAE04EC0-301F-11D3-BF4B-00C04F79EFBC}") = "Luca.Specs", "Luca.Specs\Luca.Specs.csproj", "{26754A8E-306C-419E-8A84-26561D5B03CB}"
EndProject
Project("{FAE04EC0-301F-11D3-BF4B-00C04F79EFBC}") = "Luca.Generators", "Luca.Generators\Luca.Generators.csproj", "{8185C751-06E2-4833-A323-26C25185F271}"
EndProject
Project("{FAE04EC0-301F-11D3-BF4B-00C04F79EFBC}") = "Luca.Core", "Luca.Core\Luca.Core.csproj", "{98152FAD-2DC4-489C-B394-BA15766D978A}"
EndProject
Project("{FAE04EC0-301F-11D3-BF4B-00C04F79EFBC}") = "Jint", "libs\JInt\src\trunk\Jint\Jint.csproj", "{DBF3AEF6-9D13-4E03-899B-561BCFDD9920}"
EndProject
Project("{FAE04EC0-301F-11D3-BF4B-00C04F79EFBC}") = "Jint.Tests", "libs\JInt\src\trunk\Jint.Tests\Jint.Tests.csproj", "{2D10BAFA-AC74-4D14-8B24-5C992742803D}"
EndProject
Project("{FAE04EC0-301F-11D3-BF4B-00C04F79EFBC}") = "Jint.Env", "libs\JInt\src\trunk\Jint.Env\Jint.Env.csproj", "{871858FB-6900-45EC-B8C9-979FB48B5001}"
EndProject
Project("{FAE04EC0-301F-11D3-BF4B-00C04F79EFBC}") = "Luca.Jint", "Luca.Jint\Luca.Jint.csproj", "{2387225A-2B1F-4B02-86DD-3CAE089C490D}"
EndProject
Project("{FAE04EC0-301F-11D3-BF4B-00C04F79EFBC}") = "Luca.Jint.Specs", "Luca.Jint.Specs\Luca.Jint.Specs.csproj", "{9E2F48B9-3D5B-4AAE-A29B-9F604BA901C9}"
EndProject
Global
	GlobalSection(SolutionConfigurationPlatforms) = preSolution
		Debug|Any CPU = Debug|Any CPU
		Debug|Mixed Platforms = Debug|Mixed Platforms
		Debug|x86 = Debug|x86
		Release|Any CPU = Release|Any CPU
		Release|Mixed Platforms = Release|Mixed Platforms
		Release|x86 = Release|x86
	EndGlobalSection
	GlobalSection(ProjectConfigurationPlatforms) = postSolution
		{9D9A4DB7-BB24-479E-AF7A-E8D51266316E}.Debug|Any CPU.ActiveCfg = Debug|x86
		{9D9A4DB7-BB24-479E-AF7A-E8D51266316E}.Debug|Mixed Platforms.ActiveCfg = Debug|x86
		{9D9A4DB7-BB24-479E-AF7A-E8D51266316E}.Debug|Mixed Platforms.Build.0 = Debug|x86
		{9D9A4DB7-BB24-479E-AF7A-E8D51266316E}.Debug|x86.ActiveCfg = Debug|x86
		{9D9A4DB7-BB24-479E-AF7A-E8D51266316E}.Debug|x86.Build.0 = Debug|x86
		{9D9A4DB7-BB24-479E-AF7A-E8D51266316E}.Release|Any CPU.ActiveCfg = Release|x86
		{9D9A4DB7-BB24-479E-AF7A-E8D51266316E}.Release|Mixed Platforms.ActiveCfg = Release|x86
		{9D9A4DB7-BB24-479E-AF7A-E8D51266316E}.Release|Mixed Platforms.Build.0 = Release|x86
		{9D9A4DB7-BB24-479E-AF7A-E8D51266316E}.Release|x86.ActiveCfg = Release|x86
		{9D9A4DB7-BB24-479E-AF7A-E8D51266316E}.Release|x86.Build.0 = Release|x86
		{26754A8E-306C-419E-8A84-26561D5B03CB}.Debug|Any CPU.ActiveCfg = Debug|Any CPU
		{26754A8E-306C-419E-8A84-26561D5B03CB}.Debug|Any CPU.Build.0 = Debug|Any CPU
		{26754A8E-306C-419E-8A84-26561D5B03CB}.Debug|Mixed Platforms.ActiveCfg = Debug|Any CPU
		{26754A8E-306C-419E-8A84-26561D5B03CB}.Debug|Mixed Platforms.Build.0 = Debug|Any CPU
		{26754A8E-306C-419E-8A84-26561D5B03CB}.Debug|x86.ActiveCfg = Debug|Any CPU
		{26754A8E-306C-419E-8A84-26561D5B03CB}.Release|Any CPU.ActiveCfg = Release|Any CPU
		{26754A8E-306C-419E-8A84-26561D5B03CB}.Release|Any CPU.Build.0 = Release|Any CPU
		{26754A8E-306C-419E-8A84-26561D5B03CB}.Release|Mixed Platforms.ActiveCfg = Release|Any CPU
		{26754A8E-306C-419E-8A84-26561D5B03CB}.Release|Mixed Platforms.Build.0 = Release|Any CPU
		{26754A8E-306C-419E-8A84-26561D5B03CB}.Release|x86.ActiveCfg = Release|Any CPU
		{8185C751-06E2-4833-A323-26C25185F271}.Debug|Any CPU.ActiveCfg = Debug|Any CPU
		{8185C751-06E2-4833-A323-26C25185F271}.Debug|Any CPU.Build.0 = Debug|Any CPU
		{8185C751-06E2-4833-A323-26C25185F271}.Debug|Mixed Platforms.ActiveCfg = Debug|Any CPU
		{8185C751-06E2-4833-A323-26C25185F271}.Debug|Mixed Platforms.Build.0 = Debug|Any CPU
		{8185C751-06E2-4833-A323-26C25185F271}.Debug|x86.ActiveCfg = Debug|Any CPU
		{8185C751-06E2-4833-A323-26C25185F271}.Release|Any CPU.ActiveCfg = Release|Any CPU
		{8185C751-06E2-4833-A323-26C25185F271}.Release|Any CPU.Build.0 = Release|Any CPU
		{8185C751-06E2-4833-A323-26C25185F271}.Release|Mixed Platforms.ActiveCfg = Release|Any CPU
		{8185C751-06E2-4833-A323-26C25185F271}.Release|Mixed Platforms.Build.0 = Release|Any CPU
		{8185C751-06E2-4833-A323-26C25185F271}.Release|x86.ActiveCfg = Release|Any CPU
		{98152FAD-2DC4-489C-B394-BA15766D978A}.Debug|Any CPU.ActiveCfg = Debug|Any CPU
		{98152FAD-2DC4-489C-B394-BA15766D978A}.Debug|Any CPU.Build.0 = Debug|Any CPU
		{98152FAD-2DC4-489C-B394-BA15766D978A}.Debug|Mixed Platforms.ActiveCfg = Debug|Any CPU
		{98152FAD-2DC4-489C-B394-BA15766D978A}.Debug|Mixed Platforms.Build.0 = Debug|Any CPU
		{98152FAD-2DC4-489C-B394-BA15766D978A}.Debug|x86.ActiveCfg = Debug|Any CPU
		{98152FAD-2DC4-489C-B394-BA15766D978A}.Release|Any CPU.ActiveCfg = Release|Any CPU
		{98152FAD-2DC4-489C-B394-BA15766D978A}.Release|Any CPU.Build.0 = Release|Any CPU
		{98152FAD-2DC4-489C-B394-BA15766D978A}.Release|Mixed Platforms.ActiveCfg = Release|Any CPU
		{98152FAD-2DC4-489C-B394-BA15766D978A}.Release|Mixed Platforms.Build.0 = Release|Any CPU
		{98152FAD-2DC4-489C-B394-BA15766D978A}.Release|x86.ActiveCfg = Release|Any CPU
		{DBF3AEF6-9D13-4E03-899B-561BCFDD9920}.Debug|Any CPU.ActiveCfg = Debug|Any CPU
		{DBF3AEF6-9D13-4E03-899B-561BCFDD9920}.Debug|Any CPU.Build.0 = Debug|Any CPU
		{DBF3AEF6-9D13-4E03-899B-561BCFDD9920}.Debug|Mixed Platforms.ActiveCfg = Debug|Any CPU
		{DBF3AEF6-9D13-4E03-899B-561BCFDD9920}.Debug|Mixed Platforms.Build.0 = Debug|Any CPU
		{DBF3AEF6-9D13-4E03-899B-561BCFDD9920}.Debug|x86.ActiveCfg = Debug|Any CPU
		{DBF3AEF6-9D13-4E03-899B-561BCFDD9920}.Release|Any CPU.ActiveCfg = Release|Any CPU
		{DBF3AEF6-9D13-4E03-899B-561BCFDD9920}.Release|Any CPU.Build.0 = Release|Any CPU
		{DBF3AEF6-9D13-4E03-899B-561BCFDD9920}.Release|Mixed Platforms.ActiveCfg = Release|Any CPU
		{DBF3AEF6-9D13-4E03-899B-561BCFDD9920}.Release|Mixed Platforms.Build.0 = Release|Any CPU
		{DBF3AEF6-9D13-4E03-899B-561BCFDD9920}.Release|x86.ActiveCfg = Release|Any CPU
		{2D10BAFA-AC74-4D14-8B24-5C992742803D}.Debug|Any CPU.ActiveCfg = Debug|Any CPU
		{2D10BAFA-AC74-4D14-8B24-5C992742803D}.Debug|Any CPU.Build.0 = Debug|Any CPU
		{2D10BAFA-AC74-4D14-8B24-5C992742803D}.Debug|Mixed Platforms.ActiveCfg = Debug|Any CPU
		{2D10BAFA-AC74-4D14-8B24-5C992742803D}.Debug|Mixed Platforms.Build.0 = Debug|Any CPU
		{2D10BAFA-AC74-4D14-8B24-5C992742803D}.Debug|x86.ActiveCfg = Debug|Any CPU
		{2D10BAFA-AC74-4D14-8B24-5C992742803D}.Release|Any CPU.ActiveCfg = Release|Any CPU
		{2D10BAFA-AC74-4D14-8B24-5C992742803D}.Release|Any CPU.Build.0 = Release|Any CPU
		{2D10BAFA-AC74-4D14-8B24-5C992742803D}.Release|Mixed Platforms.ActiveCfg = Release|Any CPU
		{2D10BAFA-AC74-4D14-8B24-5C992742803D}.Release|Mixed Platforms.Build.0 = Release|Any CPU
		{2D10BAFA-AC74-4D14-8B24-5C992742803D}.Release|x86.ActiveCfg = Release|Any CPU
		{871858FB-6900-45EC-B8C9-979FB48B5001}.Debug|Any CPU.ActiveCfg = Debug|Any CPU
		{871858FB-6900-45EC-B8C9-979FB48B5001}.Debug|Any CPU.Build.0 = Debug|Any CPU
		{871858FB-6900-45EC-B8C9-979FB48B5001}.Debug|Mixed Platforms.ActiveCfg = Debug|Any CPU
		{871858FB-6900-45EC-B8C9-979FB48B5001}.Debug|Mixed Platforms.Build.0 = Debug|Any CPU
		{871858FB-6900-45EC-B8C9-979FB48B5001}.Debug|x86.ActiveCfg = Debug|Any CPU
		{871858FB-6900-45EC-B8C9-979FB48B5001}.Release|Any CPU.ActiveCfg = Release|Any CPU
		{871858FB-6900-45EC-B8C9-979FB48B5001}.Release|Any CPU.Build.0 = Release|Any CPU
		{871858FB-6900-45EC-B8C9-979FB48B5001}.Release|Mixed Platforms.ActiveCfg = Release|Any CPU
		{871858FB-6900-45EC-B8C9-979FB48B5001}.Release|Mixed Platforms.Build.0 = Release|Any CPU
		{871858FB-6900-45EC-B8C9-979FB48B5001}.Release|x86.ActiveCfg = Release|Any CPU
		{2387225A-2B1F-4B02-86DD-3CAE089C490D}.Debug|Any CPU.ActiveCfg = Debug|Any CPU
		{2387225A-2B1F-4B02-86DD-3CAE089C490D}.Debug|Any CPU.Build.0 = Debug|Any CPU
		{2387225A-2B1F-4B02-86DD-3CAE089C490D}.Debug|Mixed Platforms.ActiveCfg = Debug|Any CPU
		{2387225A-2B1F-4B02-86DD-3CAE089C490D}.Debug|Mixed Platforms.Build.0 = Debug|Any CPU
		{2387225A-2B1F-4B02-86DD-3CAE089C490D}.Debug|x86.ActiveCfg = Debug|Any CPU
		{2387225A-2B1F-4B02-86DD-3CAE089C490D}.Release|Any CPU.ActiveCfg = Release|Any CPU
		{2387225A-2B1F-4B02-86DD-3CAE089C490D}.Release|Any CPU.Build.0 = Release|Any CPU
		{2387225A-2B1F-4B02-86DD-3CAE089C490D}.Release|Mixed Platforms.ActiveCfg = Release|Any CPU
		{2387225A-2B1F-4B02-86DD-3CAE089C490D}.Release|Mixed Platforms.Build.0 = Release|Any CPU
		{2387225A-2B1F-4B02-86DD-3CAE089C490D}.Release|x86.ActiveCfg = Release|Any CPU
		{9E2F48B9-3D5B-4AAE-A29B-9F604BA901C9}.Debug|Any CPU.ActiveCfg = Debug|Any CPU
		{9E2F48B9-3D5B-4AAE-A29B-9F604BA901C9}.Debug|Any CPU.Build.0 = Debug|Any CPU
		{9E2F48B9-3D5B-4AAE-A29B-9F604BA901C9}.Debug|Mixed Platforms.ActiveCfg = Debug|Any CPU
		{9E2F48B9-3D5B-4AAE-A29B-9F604BA901C9}.Debug|Mixed Platforms.Build.0 = Debug|Any CPU
		{9E2F48B9-3D5B-4AAE-A29B-9F604BA901C9}.Debug|x86.ActiveCfg = Debug|Any CPU
		{9E2F48B9-3D5B-4AAE-A29B-9F604BA901C9}.Release|Any CPU.ActiveCfg = Release|Any CPU
		{9E2F48B9-3D5B-4AAE-A29B-9F604BA901C9}.Release|Any CPU.Build.0 = Release|Any CPU
		{9E2F48B9-3D5B-4AAE-A29B-9F604BA901C9}.Release|Mixed Platforms.ActiveCfg = Release|Any CPU
		{9E2F48B9-3D5B-4AAE-A29B-9F604BA901C9}.Release|Mixed Platforms.Build.0 = Release|Any CPU
		{9E2F48B9-3D5B-4AAE-A29B-9F604BA901C9}.Release|x86.ActiveCfg = Release|Any CPU
	EndGlobalSection
	GlobalSection(SolutionProperties) = preSolution
		HideSolutionNode = FALSE
	EndGlobalSection
EndGlobal
